
Microsoft Visual Studio Solution File, Format Version 12.00
# Visual Studio Version 17
VisualStudioVersion = 17.2.32526.322
MinimumVisualStudioVersion = 10.0.40219.1
Project("{FAE04EC0-301F-11D3-BF4B-00C04F79EFBC}") = "ConwaysGameOfLife.Tests", "ConwaysGameOfLife.Tests\ConwaysGameOfLife.Tests.csproj", "{36A75C36-F01F-4387-810A-E0E52510C4E6}"
EndProject
Project("{FAE04EC0-301F-11D3-BF4B-00C04F79EFBC}") = "ConwaysGameOfLife", "ConwaysGameOfLife\ConwaysGameOfLife.csproj", "{E9FF5F9F-F8CA-4737-9FB0-C7E5E7ACF88C}"
EndProject
Project("{FAE04EC0-301F-11D3-BF4B-00C04F79EFBC}") = "ConwaysGameOfLife.UI", "ConwaysGameOfLife.UI\ConwaysGameOfLife.UI.csproj", "{2191D946-9961-4AD5-AC0C-44E60440CA53}"
EndProject
Global
	GlobalSection(SolutionConfigurationPlatforms) = preSolution
		Debug|Any CPU = Debug|Any CPU
		Debug|Mixed Platforms = Debug|Mixed Platforms
		Debug|x86 = Debug|x86
		Release|Any CPU = Release|Any CPU
		Release|Mixed Platforms = Release|Mixed Platforms
		Release|x86 = Release|x86
	EndGlobalSection
	GlobalSection(ProjectConfigurationPlatforms) = postSolution
		{36A75C36-F01F-4387-810A-E0E52510C4E6}.Debug|Any CPU.ActiveCfg = Debug|Any CPU
		{36A75C36-F01F-4387-810A-E0E52510C4E6}.Debug|Any CPU.Build.0 = Debug|Any CPU
		{36A75C36-F01F-4387-810A-E0E52510C4E6}.Debug|Mixed Platforms.ActiveCfg = Debug|Any CPU
		{36A75C36-F01F-4387-810A-E0E52510C4E6}.Debug|Mixed Platforms.Build.0 = Debug|Any CPU
		{36A75C36-F01F-4387-810A-E0E52510C4E6}.Debug|x86.ActiveCfg = Debug|Any CPU
		{36A75C36-F01F-4387-810A-E0E52510C4E6}.Release|Any CPU.ActiveCfg = Release|Any CPU
		{36A75C36-F01F-4387-810A-E0E52510C4E6}.Release|Any CPU.Build.0 = Release|Any CPU
		{36A75C36-F01F-4387-810A-E0E52510C4E6}.Release|Mixed Platforms.ActiveCfg = Release|Any CPU
		{36A75C36-F01F-4387-810A-E0E52510C4E6}.Release|Mixed Platforms.Build.0 = Release|Any CPU
		{36A75C36-F01F-4387-810A-E0E52510C4E6}.Release|x86.ActiveCfg = Release|Any CPU
		{E9FF5F9F-F8CA-4737-9FB0-C7E5E7ACF88C}.Debug|Any CPU.ActiveCfg = Debug|Any CPU
		{E9FF5F9F-F8CA-4737-9FB0-C7E5E7ACF88C}.Debug|Any CPU.Build.0 = Debug|Any CPU
		{E9FF5F9F-F8CA-4737-9FB0-C7E5E7ACF88C}.Debug|Mixed Platforms.ActiveCfg = Debug|Any CPU
		{E9FF5F9F-F8CA-4737-9FB0-C7E5E7ACF88C}.Debug|Mixed Platforms.Build.0 = Debug|Any CPU
		{E9FF5F9F-F8CA-4737-9FB0-C7E5E7ACF88C}.Debug|x86.ActiveCfg = Debug|Any CPU
		{E9FF5F9F-F8CA-4737-9FB0-C7E5E7ACF88C}.Release|Any CPU.ActiveCfg = Release|Any CPU
		{E9FF5F9F-F8CA-4737-9FB0-C7E5E7ACF88C}.Release|Any CPU.Build.0 = Release|Any CPU
		{E9FF5F9F-F8CA-4737-9FB0-C7E5E7ACF88C}.Release|Mixed Platforms.ActiveCfg = Release|Any CPU
		{E9FF5F9F-F8CA-4737-9FB0-C7E5E7ACF88C}.Release|Mixed Platforms.Build.0 = Release|Any CPU
		{E9FF5F9F-F8CA-4737-9FB0-C7E5E7ACF88C}.Release|x86.ActiveCfg = Release|Any CPU
		{2191D946-9961-4AD5-AC0C-44E60440CA53}.Debug|Any CPU.ActiveCfg = Debug|x86
		{2191D946-9961-4AD5-AC0C-44E60440CA53}.Debug|Mixed Platforms.ActiveCfg = Debug|x86
		{2191D946-9961-4AD5-AC0C-44E60440CA53}.Debug|Mixed Platforms.Build.0 = Debug|x86
		{2191D946-9961-4AD5-AC0C-44E60440CA53}.Debug|x86.ActiveCfg = Debug|x86
		{2191D946-9961-4AD5-AC0C-44E60440CA53}.Debug|x86.Build.0 = Debug|x86
		{2191D946-9961-4AD5-AC0C-44E60440CA53}.Release|Any CPU.ActiveCfg = Release|x86
		{2191D946-9961-4AD5-AC0C-44E60440CA53}.Release|Mixed Platforms.ActiveCfg = Release|x86
		{2191D946-9961-4AD5-AC0C-44E60440CA53}.Release|Mixed Platforms.Build.0 = Release|x86
		{2191D946-9961-4AD5-AC0C-44E60440CA53}.Release|x86.ActiveCfg = Release|x86
		{2191D946-9961-4AD5-AC0C-44E60440CA53}.Release|x86.Build.0 = Release|x86
	EndGlobalSection
	GlobalSection(SolutionProperties) = preSolution
		HideSolutionNode = FALSE
	EndGlobalSection
	GlobalSection(ExtensibilityGlobals) = postSolution
		SolutionGuid = {5C6B2158-096A-414C-B3B5-973A1354803D}
	EndGlobalSection
	GlobalSection(SubversionScc) = preSolution
		Svn-Managed = True
		Manager = AnkhSVN - Subversion Support for Visual Studio
	EndGlobalSection
EndGlobal
